[root]
name = "loekchipz"
version = "0.0.1"
dependencies = [
 "json 0.11.9 (registry+https://github.com/rust-lang/crates.io-index)",
 "sfml 0.12.0 (registry+https://github.com/rust-lang/crates.io-index)",
]

[[package]]
name = "bitflags"
version = "0.5.0"
source = "registry+https://github.com/rust-lang/crates.io-index"

[[package]]
name = "csfml-audio-sys"
version = "0.2.0"
source = "registry+https://github.com/rust-lang/crates.io-index"
dependencies = [
 "csfml-system-sys 0.2.1 (registry+https://github.com/rust-lang/crates.io-index)",
 "sfml-build 0.1.0 (registry+https://github.com/rust-lang/crates.io-index)",
]

[[package]]
name = "csfml-graphics-sys"
version = "0.3.0"
source = "registry+https://github.com/rust-lang/crates.io-index"
dependencies = [
 "csfml-system-sys 0.2.1 (registry+https://github.com/rust-lang/crates.io-index)",
 "csfml-window-sys 0.2.0 (registry+https://github.com/rust-lang/crates.io-index)",
 "sfml-build 0.1.0 (registry+https://github.com/rust-lang/crates.io-index)",
]

[[package]]
name = "csfml-system-sys"
version = "0.2.1"
source = "registry+https://github.com/rust-lang/crates.io-index"
dependencies = [
 "sfml-build 0.1.0 (registry+https://github.com/rust-lang/crates.io-index)",
]

[[package]]
name = "csfml-window-sys"
version = "0.2.0"
source = "registry+https://github.com/rust-lang/crates.io-index"
dependencies = [
 "csfml-system-sys 0.2.1 (registry+https://github.com/rust-lang/crates.io-index)",
 "sfml-build 0.1.0 (registry+https://github.com/rust-lang/crates.io-index)",
]

[[package]]
name = "json"
version = "0.11.9"
source = "registry+https://github.com/rust-lang/crates.io-index"

[[package]]
name = "sfml"
version = "0.12.0"
source = "registry+https://github.com/rust-lang/crates.io-index"
dependencies = [
 "bitflags 0.5.0 (registry+https://github.com/rust-lang/crates.io-index)",
 "csfml-audio-sys 0.2.0 (registry+https://github.com/rust-lang/crates.io-index)",
 "csfml-graphics-sys 0.3.0 (registry+https://github.com/rust-lang/crates.io-index)",
 "csfml-system-sys 0.2.1 (registry+https://github.com/rust-lang/crates.io-index)",
 "csfml-window-sys 0.2.0 (registry+https://github.com/rust-lang/crates.io-index)",
]

[[package]]
name = "sfml-build"
version = "0.1.0"
source = "registry+https://github.com/rust-lang/crates.io-index"

[metadata]
"checksum bitflags 0.5.0 (registry+https://github.com/rust-lang/crates.io-index)" = "4f67931368edf3a9a51d29886d245f1c3db2f1ef0dcc9e35ff70341b78c10d23"
"checksum csfml-audio-sys 0.2.0 (registry+https://github.com/rust-lang/crates.io-index)" = "121cbef1719edf32a3581ea734dce9ddc652353db09709f322c23299d21824c5"
"checksum csfml-graphics-sys 0.3.0 (registry+https://github.com/rust-lang/crates.io-index)" = "b67a44fb803eb98705c0d99a6ad753bfbc6b2cdff2ac16d6729474b30669a18c"
"checksum csfml-system-sys 0.2.1 (registry+https://github.com/rust-lang/crates.io-index)" = "8e387e2fb463b825be4b551aa77311fa4d93f18c0074d3a7324933743b57d1c5"
"checksum csfml-window-sys 0.2.0 (registry+https://github.com/rust-lang/crates.io-index)" = "d28e267fedb2bedb425b7aae485554dfba3ec0ba5dbf649bfaa6742c87d34549"
"checksum json 0.11.9 (registry+https://github.com/rust-lang/crates.io-index)" = "c2b0b20012c690c7f0578893637d3b4b61511e3fe4774389b5e77dd8023bc3e4"
"checksum sfml 0.12.0 (registry+https://github.com/rust-lang/crates.io-index)" = "1db0854951bfe7c178376b1bfb71b5a3642874387491d0185f4339ec7fbe4636"
"checksum sfml-build 0.1.0 (registry+https://github.com/rust-lang/crates.io-index)" = "db75bdc5ae969ea9317fb232b2f4f11e128c459bad8842fed022d722b42bf970"
